
Microsoft Visual Studio Solution File, Format Version 12.00
# Visual Studio Version 17
VisualStudioVersion = 17.0.31903.59
MinimumVisualStudioVersion = 10.0.40219.1
Project("{2150E333-8FDC-42A3-9474-1A3956D46DE8}") = "src", "src", "{DFE1B2B5-C24B-454E-B388-C636DBD2CBCC}"
EndProject
Project("{9A19103F-16F7-4668-BE54-9A1E7A4F7556}") = "AuctionService", "src\AuctionService\AuctionService.csproj", "{7ACA8AC6-8F8B-4F45-A8C9-FD94CC15A9D9}"
EndProject
Project("{2150E333-8FDC-42A3-9474-1A3956D46DE8}") = "Solution Items", "Solution Items", "{A702C726-8A8C-431F-8DF9-623CD49543FA}"
	ProjectSection(SolutionItems) = preProject
		.editorconfig = .editorconfig
	EndProjectSection
EndProject
Project("{E53339B2-1760-4266-BCC7-CA923CBCF16C}") = "docker-compose", "docker-compose.dcproj", "{7AA20DFF-8A83-47C8-9681-A876A6C583D3}"
EndProject
Project("{9A19103F-16F7-4668-BE54-9A1E7A4F7556}") = "SearchService", "src\SearchService\SearchService.csproj", "{50D58794-F6A3-43F8-95E5-4B30A6D4DCF2}"
EndProject
Project("{9A19103F-16F7-4668-BE54-9A1E7A4F7556}") = "Contracts", "src\Contracts\Contracts.csproj", "{7F65F679-A7DD-4FDF-AE4A-8860519219CE}"
EndProject
Project("{FAE04EC0-301F-11D3-BF4B-00C04F79EFBC}") = "IdentityService", "src\IdentityService\IdentityService.csproj", "{C866C9E1-395B-49CB-83C7-8DE840B366E0}"
EndProject
Global
	GlobalSection(SolutionConfigurationPlatforms) = preSolution
		Debug|Any CPU = Debug|Any CPU
		Release|Any CPU = Release|Any CPU
	EndGlobalSection
	GlobalSection(ProjectConfigurationPlatforms) = postSolution
		{7ACA8AC6-8F8B-4F45-A8C9-FD94CC15A9D9}.Debug|Any CPU.ActiveCfg = Debug|Any CPU
		{7ACA8AC6-8F8B-4F45-A8C9-FD94CC15A9D9}.Debug|Any CPU.Build.0 = Debug|Any CPU
		{7ACA8AC6-8F8B-4F45-A8C9-FD94CC15A9D9}.Release|Any CPU.ActiveCfg = Release|Any CPU
		{7ACA8AC6-8F8B-4F45-A8C9-FD94CC15A9D9}.Release|Any CPU.Build.0 = Release|Any CPU
		{7AA20DFF-8A83-47C8-9681-A876A6C583D3}.Debug|Any CPU.ActiveCfg = Debug|Any CPU
		{7AA20DFF-8A83-47C8-9681-A876A6C583D3}.Debug|Any CPU.Build.0 = Debug|Any CPU
		{7AA20DFF-8A83-47C8-9681-A876A6C583D3}.Release|Any CPU.ActiveCfg = Release|Any CPU
		{7AA20DFF-8A83-47C8-9681-A876A6C583D3}.Release|Any CPU.Build.0 = Release|Any CPU
		{50D58794-F6A3-43F8-95E5-4B30A6D4DCF2}.Debug|Any CPU.ActiveCfg = Debug|Any CPU
		{50D58794-F6A3-43F8-95E5-4B30A6D4DCF2}.Debug|Any CPU.Build.0 = Debug|Any CPU
		{50D58794-F6A3-43F8-95E5-4B30A6D4DCF2}.Release|Any CPU.ActiveCfg = Release|Any CPU
		{50D58794-F6A3-43F8-95E5-4B30A6D4DCF2}.Release|Any CPU.Build.0 = Release|Any CPU
		{7F65F679-A7DD-4FDF-AE4A-8860519219CE}.Debug|Any CPU.ActiveCfg = Debug|Any CPU
		{7F65F679-A7DD-4FDF-AE4A-8860519219CE}.Debug|Any CPU.Build.0 = Debug|Any CPU
		{7F65F679-A7DD-4FDF-AE4A-8860519219CE}.Release|Any CPU.ActiveCfg = Release|Any CPU
		{7F65F679-A7DD-4FDF-AE4A-8860519219CE}.Release|Any CPU.Build.0 = Release|Any CPU
		{C866C9E1-395B-49CB-83C7-8DE840B366E0}.Debug|Any CPU.ActiveCfg = Debug|Any CPU
		{C866C9E1-395B-49CB-83C7-8DE840B366E0}.Debug|Any CPU.Build.0 = Debug|Any CPU
		{C866C9E1-395B-49CB-83C7-8DE840B366E0}.Release|Any CPU.ActiveCfg = Release|Any CPU
		{C866C9E1-395B-49CB-83C7-8DE840B366E0}.Release|Any CPU.Build.0 = Release|Any CPU
	EndGlobalSection
	GlobalSection(SolutionProperties) = preSolution
		HideSolutionNode = FALSE
	EndGlobalSection
	GlobalSection(NestedProjects) = preSolution
		{7ACA8AC6-8F8B-4F45-A8C9-FD94CC15A9D9} = {DFE1B2B5-C24B-454E-B388-C636DBD2CBCC}
		{50D58794-F6A3-43F8-95E5-4B30A6D4DCF2} = {DFE1B2B5-C24B-454E-B388-C636DBD2CBCC}
		{7F65F679-A7DD-4FDF-AE4A-8860519219CE} = {DFE1B2B5-C24B-454E-B388-C636DBD2CBCC}
		{C866C9E1-395B-49CB-83C7-8DE840B366E0} = {DFE1B2B5-C24B-454E-B388-C636DBD2CBCC}
	EndGlobalSection
	GlobalSection(ExtensibilityGlobals) = postSolution
		SolutionGuid = {8A4D9C29-22C2-43DA-9444-3B9C1FF89D66}
	EndGlobalSection
EndGlobal
